// !$*UTF8*$!
{
	archiveVersion = 1;
	classes = {
	};
	objectVersion = 56;
	objects = {

/* Begin PBXBuildFile section */
		A1000001000001000000001 /* LuneApp.swift in Sources */ = {isa = PBXBuildFile; fileRef = A2000001000001000000001 /* LuneApp.swift */; };
		A1000001000002000000001 /* AppState.swift in Sources */ = {isa = PBXBuildFile; fileRef = A2000001000002000000001 /* AppState.swift */; };
		A1000001000003000000001 /* Models.swift in Sources */ = {isa = PBXBuildFile; fileRef = A2000001000003000000001 /* Models.swift */; };
		A1000001000004000000001 /* Colors.swift in Sources */ = {isa = PBXBuildFile; fileRef = A2000001000004000000001 /* Colors.swift */; };
		A1000001000005000000001 /* Typography.swift in Sources */ = {isa = PBXBuildFile; fileRef = A2000001000005000000001 /* Typography.swift */; };
		A1000001000006000000001 /* Atoms.swift in Sources */ = {isa = PBXBuildFile; fileRef = A2000001000006000000001 /* Atoms.swift */; };
		A1000001000007000000001 /* MoonView.swift in Sources */ = {isa = PBXBuildFile; fileRef = A2000001000007000000001 /* MoonView.swift */; };
		A1000001000008000000001 /* FoodIconView.swift in Sources */ = {isa = PBXBuildFile; fileRef = A2000001000008000000001 /* FoodIconView.swift */; };
		A1000001000009000000001 /* TideWaveView.swift in Sources */ = {isa = PBXBuildFile; fileRef = A2000001000009000000001 /* TideWaveView.swift */; };
		A1000001000010000000001 /* ConnectScreen.swift in Sources */ = {isa = PBXBuildFile; fileRef = A2000001000010000000001 /* ConnectScreen.swift */; };
		A1000001000011000000001 /* SignupFlow.swift in Sources */ = {isa = PBXBuildFile; fileRef = A2000001000011000000001 /* SignupFlow.swift */; };
		A1000001000012000000001 /* HomeScreen.swift in Sources */ = {isa = PBXBuildFile; fileRef = A2000001000012000000001 /* HomeScreen.swift */; };
		A1000001000013000000001 /* CraveSearch.swift in Sources */ = {isa = PBXBuildFile; fileRef = A2000001000013000000001 /* CraveSearch.swift */; };
		A1000001000014000000001 /* HealthKit.framework in Frameworks */ = {isa = PBXBuildFile; fileRef = A2000001000014000000001 /* HealthKit.framework */; };
		A1000001000018000000001 /* Assets.xcassets in Resources */ = {isa = PBXBuildFile; fileRef = A2000001000018000000001 /* Assets.xcassets */; };
		A1000001000019000000001 /* HealthKitManager.swift in Sources */ = {isa = PBXBuildFile; fileRef = A2000001000019000000001 /* HealthKitManager.swift */; };
		A1000001000020000000001 /* SettingsScreen.swift in Sources */ = {isa = PBXBuildFile; fileRef = A2000001000020000000001 /* SettingsScreen.swift */; };
/* End PBXBuildFile section */

/* Begin PBXFileReference section */
		A2000001000001000000001 /* LuneApp.swift */ = {isa = PBXFileReference; lastKnownFileType = sourcecode.swift; path = LuneApp.swift; sourceTree = "<group>"; };
		A2000001000002000000001 /* AppState.swift */ = {isa = PBXFileReference; lastKnownFileType = sourcecode.swift; path = AppState.swift; sourceTree = "<group>"; };
		A2000001000003000000001 /* Models.swift */ = {isa = PBXFileReference; lastKnownFileType = sourcecode.swift; path = Models.swift; sourceTree = "<group>"; };
		A2000001000004000000001 /* Colors.swift */ = {isa = PBXFileReference; lastKnownFileType = sourcecode.swift; path = Colors.swift; sourceTree = "<group>"; };
		A2000001000005000000001 /* Typography.swift */ = {isa = PBXFileReference; lastKnownFileType = sourcecode.swift; path = Typography.swift; sourceTree = "<group>"; };
		A2000001000006000000001 /* Atoms.swift */ = {isa = PBXFileReference; lastKnownFileType = sourcecode.swift; path = Atoms.swift; sourceTree = "<group>"; };
		A2000001000007000000001 /* MoonView.swift */ = {isa = PBXFileReference; lastKnownFileType = sourcecode.swift; path = MoonView.swift; sourceTree = "<group>"; };
		A2000001000008000000001 /* FoodIconView.swift */ = {isa = PBXFileReference; lastKnownFileType = sourcecode.swift; path = FoodIconView.swift; sourceTree = "<group>"; };
		A2000001000009000000001 /* TideWaveView.swift */ = {isa = PBXFileReference; lastKnownFileType = sourcecode.swift; path = TideWaveView.swift; sourceTree = "<group>"; };
		A2000001000010000000001 /* ConnectScreen.swift */ = {isa = PBXFileReference; lastKnownFileType = sourcecode.swift; path = ConnectScreen.swift; sourceTree = "<group>"; };
		A2000001000011000000001 /* SignupFlow.swift */ = {isa = PBXFileReference; lastKnownFileType = sourcecode.swift; path = SignupFlow.swift; sourceTree = "<group>"; };
		A2000001000012000000001 /* HomeScreen.swift */ = {isa = PBXFileReference; lastKnownFileType = sourcecode.swift; path = HomeScreen.swift; sourceTree = "<group>"; };
		A2000001000013000000001 /* CraveSearch.swift */ = {isa = PBXFileReference; lastKnownFileType = sourcecode.swift; path = CraveSearch.swift; sourceTree = "<group>"; };
		A2000001000014000000001 /* HealthKit.framework */ = {isa = PBXFileReference; lastKnownFileType = wrapper.framework; name = HealthKit.framework; path = System/Library/Frameworks/HealthKit.framework; sourceTree = SDKROOT; };
		A2000001000015000000001 /* Lune.app */ = {isa = PBXFileReference; explicitFileType = wrapper.application; includeInIndex = 0; path = Lune.app; sourceTree = BUILT_PRODUCTS_DIR; };
		A2000001000016000000001 /* Info.plist */ = {isa = PBXFileReference; lastKnownFileType = text.plist.xml; path = Info.plist; sourceTree = "<group>"; };
		A2000001000017000000001 /* Lune.entitlements */ = {isa = PBXFileReference; lastKnownFileType = text.plist.entitlements; path = Lune.entitlements; sourceTree = "<group>"; };
		A2000001000018000000001 /* Assets.xcassets */ = {isa = PBXFileReference; lastKnownFileType = folder.assetcatalog; path = Assets.xcassets; sourceTree = "<group>"; };
		A2000001000019000000001 /* HealthKitManager.swift */ = {isa = PBXFileReference; lastKnownFileType = sourcecode.swift; path = HealthKitManager.swift; sourceTree = "<group>"; };
		A2000001000020000000001 /* SettingsScreen.swift */ = {isa = PBXFileReference; lastKnownFileType = sourcecode.swift; path = SettingsScreen.swift; sourceTree = "<group>"; };
/* End PBXFileReference section */

/* Begin PBXFrameworksBuildPhase section */
		A3000001000001000000001 /* Frameworks */ = {
			isa = PBXFrameworksBuildPhase;
			buildActionMask = 2147483647;
			files = (
				A1000001000014000000001 /* HealthKit.framework in Frameworks */,
			);
			runOnlyForDeploymentPostprocessing = 0;
		};
/* End PBXFrameworksBuildPhase section */

/* Begin PBXGroup section */
		A4000001000001000000001 /* Lune */ = {
			isa = PBXGroup;
			children = (
				A4000001000002000000001 /* Sources */,
				A4000001000008000000001 /* Lune (Support) */,
				A4000001000009000000001 /* Frameworks */,
				A4000001000010000000001 /* Products */,
			);
			sourceTree = "<group>";
		};
		A4000001000002000000001 /* Sources */ = {
			isa = PBXGroup;
			children = (
				A2000001000001000000001 /* LuneApp.swift */,
				A2000001000002000000001 /* AppState.swift */,
				A2000001000003000000001 /* Models.swift */,
				A2000001000019000000001 /* HealthKitManager.swift */,
				A4000001000003000000001 /* Design */,
				A4000001000005000000001 /* Components */,
				A4000001000007000000001 /* Screens */,
			);
			name = Sources;
			path = Sources/Lune;
			sourceTree = "<group>";
		};
		A4000001000003000000001 /* Design */ = {
			isa = PBXGroup;
			children = (
				A2000001000004000000001 /* Colors.swift */,
				A2000001000005000000001 /* Typography.swift */,
				A2000001000006000000001 /* Atoms.swift */,
			);
			path = Design;
			sourceTree = "<group>";
		};
		A4000001000005000000001 /* Components */ = {
			isa = PBXGroup;
			children = (
				A2000001000007000000001 /* MoonView.swift */,
				A2000001000008000000001 /* FoodIconView.swift */,
				A2000001000009000000001 /* TideWaveView.swift */,
			);
			path = Components;
			sourceTree = "<group>";
		};
		A4000001000007000000001 /* Screens */ = {
			isa = PBXGroup;
			children = (
				A2000001000010000000001 /* ConnectScreen.swift */,
				A2000001000011000000001 /* SignupFlow.swift */,
				A2000001000012000000001 /* HomeScreen.swift */,
				A2000001000013000000001 /* CraveSearch.swift */,
				A2000001000020000000001 /* SettingsScreen.swift */,
			);
			path = Screens;
			sourceTree = "<group>";
		};
		A4000001000008000000001 /* Lune (Support) */ = {
			isa = PBXGroup;
			children = (
				A2000001000016000000001 /* Info.plist */,
				A2000001000017000000001 /* Lune.entitlements */,
				A2000001000018000000001 /* Assets.xcassets */,
			);
			name = "Lune (Support)";
			path = Lune;
			sourceTree = "<group>";
		};
		A4000001000009000000001 /* Frameworks */ = {
			isa = PBXGroup;
			children = (
				A2000001000014000000001 /* HealthKit.framework */,
			);
			name = Frameworks;
			sourceTree = "<group>";
		};
		A4000001000010000000001 /* Products */ = {
			isa = PBXGroup;
			children = (
				A2000001000015000000001 /* Lune.app */,
			);
			name = Products;
			sourceTree = "<group>";
		};
/* End PBXGroup section */

/* Begin PBXNativeTarget section */
		A5000001000001000000001 /* Lune */ = {
			isa = PBXNativeTarget;
			buildConfigurationList = A7000001000002000000001 /* Build configuration list for PBXNativeTarget "Lune" */;
			buildPhases = (
				A3000001000002000000001 /* Sources */,
				A3000001000001000000001 /* Frameworks */,
				A3000001000003000000001 /* Resources */,
			);
			buildRules = (
			);
			dependencies = (
			);
			name = Lune;
			productName = Lune;
			productReference = A2000001000015000000001 /* Lune.app */;
			productType = "com.apple.product-type.application";
		};
/* End PBXNativeTarget section */

/* Begin PBXProject section */
		A6000001000001000000001 /* Project object */ = {
			isa = PBXProject;
			attributes = {
				BuildIndependentTargetsInParallel = 1;
				LastSwiftUpdateCheck = 1500;
				LastUpgradeCheck = 1500;
				TargetAttributes = {
					A5000001000001000000001 = {
						CreatedOnToolsVersion = 15.0;
					};
				};
			};
			buildConfigurationList = A7000001000001000000001 /* Build configuration list for PBXProject "Lune" */;
			compatibilityVersion = "Xcode 14.0";
			developmentRegion = en;
			hasScannedForEncodings = 0;
			knownRegions = (
				en,
				Base,
			);
			mainGroup = A4000001000001000000001;
			productRefGroup = A4000001000010000000001 /* Products */;
			projectDirPath = "";
			projectRoot = "";
			targets = (
				A5000001000001000000001 /* Lune */,
			);
		};
/* End PBXProject section */

/* Begin PBXResourcesBuildPhase section */
		A3000001000003000000001 /* Resources */ = {
			isa = PBXResourcesBuildPhase;
			buildActionMask = 2147483647;
			files = (
				A1000001000018000000001 /* Assets.xcassets in Resources */,
			);
			runOnlyForDeploymentPostprocessing = 0;
		};
/* End PBXResourcesBuildPhase section */

/* Begin PBXSourcesBuildPhase section */
		A3000001000002000000001 /* Sources */ = {
			isa = PBXSourcesBuildPhase;
			buildActionMask = 2147483647;
			files = (
				A1000001000001000000001 /* LuneApp.swift in Sources */,
				A1000001000002000000001 /* AppState.swift in Sources */,
				A1000001000003000000001 /* Models.swift in Sources */,
				A1000001000004000000001 /* Colors.swift in Sources */,
				A1000001000005000000001 /* Typography.swift in Sources */,
				A1000001000006000000001 /* Atoms.swift in Sources */,
				A1000001000007000000001 /* MoonView.swift in Sources */,
				A1000001000008000000001 /* FoodIconView.swift in Sources */,
				A1000001000009000000001 /* TideWaveView.swift in Sources */,
				A1000001000010000000001 /* ConnectScreen.swift in Sources */,
				A1000001000011000000001 /* SignupFlow.swift in Sources */,
				A1000001000012000000001 /* HomeScreen.swift in Sources */,
				A1000001000013000000001 /* CraveSearch.swift in Sources */,
				A1000001000019000000001 /* HealthKitManager.swift in Sources */,
				A1000001000020000000001 /* SettingsScreen.swift in Sources */,
			);
			runOnlyForDeploymentPostprocessing = 0;
		};
/* End PBXSourcesBuildPhase section */

/* Begin XCBuildConfiguration section */
		A7000001000003000000001 /* Debug */ = {
			isa = XCBuildConfiguration;
			buildSettings = {
				ALWAYS_SEARCH_USER_PATHS = NO;
				ASSETCATALOG_COMPILER_GENERATE_SWIFT_ASSET_SYMBOL_EXTENSIONS = YES;
				CLANG_ANALYZER_NONNULL = YES;
				CLANG_ANALYZER_NUMBER_OBJECT_CONVERSION = YES_AGGRESSIVE;
				CLANG_CXX_LANGUAGE_STANDARD = "gnu++20";
				CLANG_ENABLE_MODULES = YES;
				CLANG_ENABLE_OBJC_ARC = YES;
				CLANG_ENABLE_OBJC_WEAK = YES;
				CLANG_WARN_BLOCK_CAPTURE_AUTORELEASING = YES;
				CLANG_WARN_BOOL_CONVERSION = YES;
				CLANG_WARN_COMMA = YES;
				CLANG_WARN_CONSTANT_CONVERSION = YES;
				CLANG_WARN_DEPRECATED_OBJC_IMPLEMENTATIONS = YES;
				CLANG_WARN_DIRECT_OBJC_ISA_USAGE = YES_ERROR;
				CLANG_WARN_DOCUMENTATION_COMMENTS = YES;
				CLANG_WARN_EMPTY_BODY = YES;
				CLANG_WARN_ENUM_CONVERSION = YES;
				CLANG_WARN_INFINITE_RECURSION = YES;
				CLANG_WARN_INT_CONVERSION = YES;
				CLANG_WARN_NON_LITERAL_NULL_CONVERSION = YES;
				CLANG_WARN_OBJC_IMPLICIT_RETAIN_SELF = YES;
				CLANG_WARN_OBJC_LITERAL_CONVERSION = YES;
				CLANG_WARN_OBJC_ROOT_CLASS = YES_ERROR;
				CLANG_WARN_QUOTED_INCLUDE_IN_FRAMEWORK_HEADER = YES;
				CLANG_WARN_RANGE_LOOP_ANALYSIS = YES;
				CLANG_WARN_STRICT_PROTOTYPES = YES;
				CLANG_WARN_SUSPICIOUS_MOVE = YES;
				CLANG_WARN_UNGUARDED_AVAILABILITY = YES_AGGRESSIVE;
				CLANG_WARN_UNREACHABLE_CODE = YES;
				CLANG_WARN__DUPLICATE_METHOD_MATCH = YES;
				COPY_PHASE_STRIP = NO;
				DEBUG_INFORMATION_FORMAT = dwarf;
				ENABLE_STRICT_OBJC_MSGSEND = YES;
				ENABLE_TESTABILITY = YES;
				ENABLE_USER_SCRIPT_SANDBOXING = YES;
				GCC_C_LANGUAGE_STANDARD = gnu17;
				GCC_DYNAMIC_NO_PIC = NO;
				GCC_NO_COMMON_BLOCKS = YES;
				GCC_OPTIMIZATION_LEVEL = 0;
				GCC_PREPROCESSOR_DEFINITIONS = (
					"DEBUG=1",
					"$(inherited)",
				);
				GCC_WARN_64_TO_32_BIT_CONVERSION = YES;
				GCC_WARN_ABOUT_RETURN_TYPE = YES_ERROR;
				GCC_WARN_UNDECLARED_SELECTOR = YES;
				GCC_WARN_UNINITIALIZED_AUTOS = YES_AGGRESSIVE;
				GCC_WARN_UNUSED_FUNCTION = YES;
				GCC_WARN_UNUSED_VARIABLE = YES;
				IPHONEOS_DEPLOYMENT_TARGET = 17.0;
				MTL_ENABLE_DEBUG_INFO = INCLUDE_SOURCE;
				MTL_FAST_MATH = YES;
				ONLY_ACTIVE_ARCH = YES;
				SDKROOT = iphoneos;
				SWIFT_ACTIVE_COMPILATION_CONDITIONS = DEBUG;
				SWIFT_OPTIMIZATION_LEVEL = "-Onone";
			};
			name = Debug;
		};
		A7000001000004000000001 /* Release */ = {
			isa = XCBuildConfiguration;
			buildSettings = {
				ALWAYS_SEARCH_USER_PATHS = NO;
				ASSETCATALOG_COMPILER_GENERATE_SWIFT_ASSET_SYMBOL_EXTENSIONS = YES;
				CLANG_ANALYZER_NONNULL = YES;
				CLANG_ANALYZER_NUMBER_OBJECT_CONVERSION = YES_AGGRESSIVE;
				CLANG_CXX_LANGUAGE_STANDARD = "gnu++20";
				CLANG_ENABLE_MODULES = YES;
				CLANG_ENABLE_OBJC_ARC = YES;
				CLANG_ENABLE_OBJC_WEAK = YES;
				CLANG_WARN_BLOCK_CAPTURE_AUTORELEASING = YES;
				CLANG_WARN_BOOL_CONVERSION = YES;
				CLANG_WARN_COMMA = YES;
				CLANG_WARN_CONSTANT_CONVERSION = YES;
				CLANG_WARN_DEPRECATED_OBJC_IMPLEMENTATIONS = YES;
				CLANG_WARN_DIRECT_OBJC_ISA_USAGE = YES_ERROR;
				CLANG_WARN_DOCUMENTATION_COMMENTS = YES;
				CLANG_WARN_EMPTY_BODY = YES;
				CLANG_WARN_ENUM_CONVERSION = YES;
				CLANG_WARN_INFINITE_RECURSION = YES;
				CLANG_WARN_INT_CONVERSION = YES;
				CLANG_WARN_NON_LITERAL_NULL_CONVERSION = YES;
				CLANG_WARN_OBJC_IMPLICIT_RETAIN_SELF = YES;
				CLANG_WARN_OBJC_LITERAL_CONVERSION = YES;
				CLANG_WARN_OBJC_ROOT_CLASS = YES_ERROR;
				CLANG_WARN_QUOTED_INCLUDE_IN_FRAMEWORK_HEADER = YES;
				CLANG_WARN_RANGE_LOOP_ANALYSIS = YES;
				CLANG_WARN_STRICT_PROTOTYPES = YES;
				CLANG_WARN_SUSPICIOUS_MOVE = YES;
				CLANG_WARN_UNGUARDED_AVAILABILITY = YES_AGGRESSIVE;
				CLANG_WARN_UNREACHABLE_CODE = YES;
				CLANG_WARN__DUPLICATE_METHOD_MATCH = YES;
				COPY_PHASE_STRIP = NO;
				DEBUG_INFORMATION_FORMAT = "dwarf-with-dsym";
				ENABLE_NS_ASSERTIONS = NO;
				ENABLE_STRICT_OBJC_MSGSEND = YES;
				ENABLE_USER_SCRIPT_SANDBOXING = YES;
				GCC_C_LANGUAGE_STANDARD = gnu17;
				GCC_NO_COMMON_BLOCKS = YES;
				GCC_WARN_64_TO_32_BIT_CONVERSION = YES;
				GCC_WARN_ABOUT_RETURN_TYPE = YES_ERROR;
				GCC_WARN_UNDECLARED_SELECTOR = YES;
				GCC_WARN_UNINITIALIZED_AUTOS = YES_AGGRESSIVE;
				GCC_WARN_UNUSED_FUNCTION = YES;
				GCC_WARN_UNUSED_VARIABLE = YES;
				IPHONEOS_DEPLOYMENT_TARGET = 17.0;
				MTL_FAST_MATH = YES;
				SDKROOT = iphoneos;
				SWIFT_COMPILATION_MODE = wholemodule;
				SWIFT_OPTIMIZATION_LEVEL = "-O";
				VALIDATE_PRODUCT = YES;
			};
			name = Release;
		};
		A7000001000005000000001 /* Debug */ = {
			isa = XCBuildConfiguration;
			buildSettings = {
				ASSETCATALOG_COMPILER_APPICON_NAME = AppIcon;
				ASSETCATALOG_COMPILER_GLOBAL_ACCENT_COLOR_NAME = AccentColor;
				CODE_SIGN_ENTITLEMENTS = Lune/Lune.entitlements;
				CODE_SIGN_STYLE = Automatic;
				CURRENT_PROJECT_VERSION = 1;
				DEVELOPMENT_ASSET_PATHS = "";
				DEVELOPMENT_TEAM = "";
				ENABLE_PREVIEWS = YES;
				GENERATE_INFOPLIST_FILE = NO;
				INFOPLIST_FILE = Lune/Info.plist;
				IPHONEOS_DEPLOYMENT_TARGET = 17.0;
				LD_RUNPATH_SEARCH_PATHS = (
					"$(inherited)",
					"@executable_path/Frameworks",
				);
				MARKETING_VERSION = 1.0;
				PRODUCT_BUNDLE_IDENTIFIER = com.lune.app;
				PRODUCT_NAME = "$(TARGET_NAME)";
				SWIFT_EMIT_LOC_STRINGS = YES;
				SWIFT_VERSION = 5.0;
				TARGETED_DEVICE_FAMILY = 1;
			};
			name = Debug;
		};
		A7000001000006000000001 /* Release */ = {
			isa = XCBuildConfiguration;
			buildSettings = {
				ASSETCATALOG_COMPILER_APPICON_NAME = AppIcon;
				ASSETCATALOG_COMPILER_GLOBAL_ACCENT_COLOR_NAME = AccentColor;
				CODE_SIGN_ENTITLEMENTS = Lune/Lune.entitlements;
				CODE_SIGN_STYLE = Automatic;
				CURRENT_PROJECT_VERSION = 1;
				DEVELOPMENT_ASSET_PATHS = "";
				DEVELOPMENT_TEAM = "";
				ENABLE_PREVIEWS = YES;
				GENERATE_INFOPLIST_FILE = NO;
				INFOPLIST_FILE = Lune/Info.plist;
				IPHONEOS_DEPLOYMENT_TARGET = 17.0;
				LD_RUNPATH_SEARCH_PATHS = (
					"$(inherited)",
					"@executable_path/Frameworks",
				);
				MARKETING_VERSION = 1.0;
				PRODUCT_BUNDLE_IDENTIFIER = com.lune.app;
				PRODUCT_NAME = "$(TARGET_NAME)";
				SWIFT_EMIT_LOC_STRINGS = YES;
				SWIFT_VERSION = 5.0;
				TARGETED_DEVICE_FAMILY = 1;
			};
			name = Release;
		};
/* End XCBuildConfiguration section */

/* Begin XCConfigurationList section */
		A7000001000001000000001 /* Build configuration list for PBXProject "Lune" */ = {
			isa = XCConfigurationList;
			buildConfigurations = (
				A7000001000003000000001 /* Debug */,
				A7000001000004000000001 /* Release */,
			);
			defaultConfigurationIsVisible = 0;
			defaultConfigurationName = Release;
		};
		A7000001000002000000001 /* Build configuration list for PBXNativeTarget "Lune" */ = {
			isa = XCConfigurationList;
			buildConfigurations = (
				A7000001000005000000001 /* Debug */,
				A7000001000006000000001 /* Release */,
			);
			defaultConfigurationIsVisible = 0;
			defaultConfigurationName = Release;
		};
/* End XCConfigurationList section */

	};
	rootObject = A6000001000001000000001 /* Project object */;
}
